// !$*UTF8*$!
{
	archiveVersion = 1;
	classes = {
	};
	objectVersion = 56;
	objects = {

/* Begin PBXBuildFile section */
		A825334D29FEA684001778AF /* SignUpView.swift in Sources */ = {isa = PBXBuildFile; fileRef = A825334C29FEA684001778AF /* SignUpView.swift */; };
		A825335029FEA72B001778AF /* String+Extensions.swift in Sources */ = {isa = PBXBuildFile; fileRef = A825334F29FEA72B001778AF /* String+Extensions.swift */; };
		A825335329FEAD49001778AF /* Model.swift in Sources */ = {isa = PBXBuildFile; fileRef = A825335229FEAD49001778AF /* Model.swift */; };
		A825335529FEAEC5001778AF /* LoginView.swift in Sources */ = {isa = PBXBuildFile; fileRef = A825335429FEAEC5001778AF /* LoginView.swift */; };
		A854975F29FE377D00E16766 /* WhatsUpApp.swift in Sources */ = {isa = PBXBuildFile; fileRef = A854975E29FE377D00E16766 /* WhatsUpApp.swift */; };
		A854976129FE377D00E16766 /* ContentView.swift in Sources */ = {isa = PBXBuildFile; fileRef = A854976029FE377D00E16766 /* ContentView.swift */; };
		A854976329FE377E00E16766 /* Assets.xcassets in Resources */ = {isa = PBXBuildFile; fileRef = A854976229FE377E00E16766 /* Assets.xcassets */; };
		A854976629FE377E00E16766 /* Preview Assets.xcassets in Resources */ = {isa = PBXBuildFile; fileRef = A854976529FE377E00E16766 /* Preview Assets.xcassets */; };
		A8C99FE229FE38C60034B799 /* GoogleService-Info.plist in Resources */ = {isa = PBXBuildFile; fileRef = A8C99FE129FE38C60034B799 /* GoogleService-Info.plist */; };
		A8C99FE529FE39A30034B799 /* FirebaseAuth in Frameworks */ = {isa = PBXBuildFile; productRef = A8C99FE429FE39A30034B799 /* FirebaseAuth */; };
		A8C99FE729FE39A30034B799 /* FirebaseCrashlytics in Frameworks */ = {isa = PBXBuildFile; productRef = A8C99FE629FE39A30034B799 /* FirebaseCrashlytics */; };
		A8C99FE929FE39A30034B799 /* FirebaseFirestore in Frameworks */ = {isa = PBXBuildFile; productRef = A8C99FE829FE39A30034B799 /* FirebaseFirestore */; };
		A8C99FEB29FE39A30034B799 /* FirebaseFirestoreSwift in Frameworks */ = {isa = PBXBuildFile; productRef = A8C99FEA29FE39A30034B799 /* FirebaseFirestoreSwift */; };
		A8C99FED29FE39A30034B799 /* FirebaseStorage in Frameworks */ = {isa = PBXBuildFile; productRef = A8C99FEC29FE39A30034B799 /* FirebaseStorage */; };
		A8CC3BD529FEB149001BAB6B /* MainView.swift in Sources */ = {isa = PBXBuildFile; fileRef = A8CC3BD429FEB149001BAB6B /* MainView.swift */; };
		A8CC3BD729FEB361001BAB6B /* AppState.swift in Sources */ = {isa = PBXBuildFile; fileRef = A8CC3BD629FEB361001BAB6B /* AppState.swift */; };
		A8CC3BD929FF3832001BAB6B /* GroupListcontainerView.swift in Sources */ = {isa = PBXBuildFile; fileRef = A8CC3BD829FF3832001BAB6B /* GroupListcontainerView.swift */; };
		A8CC3BDB29FF39B7001BAB6B /* AddNewGroupView.swift in Sources */ = {isa = PBXBuildFile; fileRef = A8CC3BDA29FF39B7001BAB6B /* AddNewGroupView.swift */; };
/* End PBXBuildFile section */

/* Begin PBXFileReference section */
		A825334C29FEA684001778AF /* SignUpView.swift */ = {isa = PBXFileReference; lastKnownFileType = sourcecode.swift; path = SignUpView.swift; sourceTree = "<group>"; };
		A825334F29FEA72B001778AF /* String+Extensions.swift */ = {isa = PBXFileReference; lastKnownFileType = sourcecode.swift; path = "String+Extensions.swift"; sourceTree = "<group>"; };
		A825335229FEAD49001778AF /* Model.swift */ = {isa = PBXFileReference; lastKnownFileType = sourcecode.swift; path = Model.swift; sourceTree = "<group>"; };
		A825335429FEAEC5001778AF /* LoginView.swift */ = {isa = PBXFileReference; lastKnownFileType = sourcecode.swift; path = LoginView.swift; sourceTree = "<group>"; };
		A854975B29FE377D00E16766 /* WhatsUp.app */ = {isa = PBXFileReference; explicitFileType = wrapper.application; includeInIndex = 0; path = WhatsUp.app; sourceTree = BUILT_PRODUCTS_DIR; };
		A854975E29FE377D00E16766 /* WhatsUpApp.swift */ = {isa = PBXFileReference; lastKnownFileType = sourcecode.swift; path = WhatsUpApp.swift; sourceTree = "<group>"; };
		A854976029FE377D00E16766 /* ContentView.swift */ = {isa = PBXFileReference; lastKnownFileType = sourcecode.swift; path = ContentView.swift; sourceTree = "<group>"; };
		A854976229FE377E00E16766 /* Assets.xcassets */ = {isa = PBXFileReference; lastKnownFileType = folder.assetcatalog; path = Assets.xcassets; sourceTree = "<group>"; };
		A854976529FE377E00E16766 /* Preview Assets.xcassets */ = {isa = PBXFileReference; lastKnownFileType = folder.assetcatalog; path = "Preview Assets.xcassets"; sourceTree = "<group>"; };
		A8C99FE129FE38C60034B799 /* GoogleService-Info.plist */ = {isa = PBXFileReference; fileEncoding = 4; lastKnownFileType = text.plist.xml; name = "GoogleService-Info.plist"; path = "../../../../../Downloads/GoogleService-Info.plist"; sourceTree = "<group>"; };
		A8CC3BD429FEB149001BAB6B /* MainView.swift */ = {isa = PBXFileReference; lastKnownFileType = sourcecode.swift; path = MainView.swift; sourceTree = "<group>"; };
		A8CC3BD629FEB361001BAB6B /* AppState.swift */ = {isa = PBXFileReference; lastKnownFileType = sourcecode.swift; path = AppState.swift; sourceTree = "<group>"; };
		A8CC3BD829FF3832001BAB6B /* GroupListcontainerView.swift */ = {isa = PBXFileReference; lastKnownFileType = sourcecode.swift; path = GroupListcontainerView.swift; sourceTree = "<group>"; };
		A8CC3BDA29FF39B7001BAB6B /* AddNewGroupView.swift */ = {isa = PBXFileReference; lastKnownFileType = sourcecode.swift; path = AddNewGroupView.swift; sourceTree = "<group>"; };
/* End PBXFileReference section */

/* Begin PBXFrameworksBuildPhase section */
		A854975829FE377D00E16766 /* Frameworks */ = {
			isa = PBXFrameworksBuildPhase;
			buildActionMask = 2147483647;
			files = (
				A8C99FE529FE39A30034B799 /* FirebaseAuth in Frameworks */,
				A8C99FE729FE39A30034B799 /* FirebaseCrashlytics in Frameworks */,
				A8C99FE929FE39A30034B799 /* FirebaseFirestore in Frameworks */,
				A8C99FED29FE39A30034B799 /* FirebaseStorage in Frameworks */,
				A8C99FEB29FE39A30034B799 /* FirebaseFirestoreSwift in Frameworks */,
			);
			runOnlyForDeploymentPostprocessing = 0;
		};
/* End PBXFrameworksBuildPhase section */

/* Begin PBXGroup section */
		A825334B29FEA668001778AF /* Views */ = {
			isa = PBXGroup;
			children = (
				A825334C29FEA684001778AF /* SignUpView.swift */,
				A825335429FEAEC5001778AF /* LoginView.swift */,
				A8CC3BD429FEB149001BAB6B /* MainView.swift */,
				A8CC3BD829FF3832001BAB6B /* GroupListcontainerView.swift */,
				A8CC3BDA29FF39B7001BAB6B /* AddNewGroupView.swift */,
			);
			path = Views;
			sourceTree = "<group>";
		};
		A825334E29FEA71C001778AF /* Extensions */ = {
			isa = PBXGroup;
			children = (
				A825334F29FEA72B001778AF /* String+Extensions.swift */,
			);
			path = Extensions;
			sourceTree = "<group>";
		};
		A825335129FEACE2001778AF /* Models */ = {
			isa = PBXGroup;
			children = (
				A825335229FEAD49001778AF /* Model.swift */,
				A8CC3BD629FEB361001BAB6B /* AppState.swift */,
			);
			path = Models;
			sourceTree = "<group>";
		};
		A854975229FE377D00E16766 = {
			isa = PBXGroup;
			children = (
				A854975D29FE377D00E16766 /* WhatsUp */,
				A854975C29FE377D00E16766 /* Products */,
			);
			sourceTree = "<group>";
		};
		A854975C29FE377D00E16766 /* Products */ = {
			isa = PBXGroup;
			children = (
				A854975B29FE377D00E16766 /* WhatsUp.app */,
			);
			name = Products;
			sourceTree = "<group>";
		};
		A854975D29FE377D00E16766 /* WhatsUp */ = {
			isa = PBXGroup;
			children = (
				A825335129FEACE2001778AF /* Models */,
				A825334E29FEA71C001778AF /* Extensions */,
				A825334B29FEA668001778AF /* Views */,
				A854975E29FE377D00E16766 /* WhatsUpApp.swift */,
				A854976029FE377D00E16766 /* ContentView.swift */,
				A8C99FE129FE38C60034B799 /* GoogleService-Info.plist */,
				A854976229FE377E00E16766 /* Assets.xcassets */,
				A854976429FE377E00E16766 /* Preview Content */,
			);
			path = WhatsUp;
			sourceTree = "<group>";
		};
		A854976429FE377E00E16766 /* Preview Content */ = {
			isa = PBXGroup;
			children = (
				A854976529FE377E00E16766 /* Preview Assets.xcassets */,
			);
			path = "Preview Content";
			sourceTree = "<group>";
		};
/* End PBXGroup section */

/* Begin PBXNativeTarget section */
		A854975A29FE377D00E16766 /* WhatsUp */ = {
			isa = PBXNativeTarget;
			buildConfigurationList = A854976929FE377E00E16766 /* Build configuration list for PBXNativeTarget "WhatsUp" */;
			buildPhases = (
				A854975729FE377D00E16766 /* Sources */,
				A854975829FE377D00E16766 /* Frameworks */,
				A854975929FE377D00E16766 /* Resources */,
			);
			buildRules = (
			);
			dependencies = (
			);
			name = WhatsUp;
			packageProductDependencies = (
				A8C99FE429FE39A30034B799 /* FirebaseAuth */,
				A8C99FE629FE39A30034B799 /* FirebaseCrashlytics */,
				A8C99FE829FE39A30034B799 /* FirebaseFirestore */,
				A8C99FEA29FE39A30034B799 /* FirebaseFirestoreSwift */,
				A8C99FEC29FE39A30034B799 /* FirebaseStorage */,
			);
			productName = WhatsUp;
			productReference = A854975B29FE377D00E16766 /* WhatsUp.app */;
			productType = "com.apple.product-type.application";
		};
/* End PBXNativeTarget section */

/* Begin PBXProject section */
		A854975329FE377D00E16766 /* Project object */ = {
			isa = PBXProject;
			attributes = {
				BuildIndependentTargetsInParallel = 1;
				LastSwiftUpdateCheck = 1430;
				LastUpgradeCheck = 1430;
				TargetAttributes = {
					A854975A29FE377D00E16766 = {
						CreatedOnToolsVersion = 14.3;
					};
				};
			};
			buildConfigurationList = A854975629FE377D00E16766 /* Build configuration list for PBXProject "WhatsUp" */;
			compatibilityVersion = "Xcode 14.0";
			developmentRegion = en;
			hasScannedForEncodings = 0;
			knownRegions = (
				en,
				Base,
			);
			mainGroup = A854975229FE377D00E16766;
			packageReferences = (
				A8C99FE329FE39A30034B799 /* XCRemoteSwiftPackageReference "firebase-ios-sdk" */,
			);
			productRefGroup = A854975C29FE377D00E16766 /* Products */;
			projectDirPath = "";
			projectRoot = "";
			targets = (
				A854975A29FE377D00E16766 /* WhatsUp */,
			);
		};
/* End PBXProject section */

/* Begin PBXResourcesBuildPhase section */
		A854975929FE377D00E16766 /* Resources */ = {
			isa = PBXResourcesBuildPhase;
			buildActionMask = 2147483647;
			files = (
				A854976629FE377E00E16766 /* Preview Assets.xcassets in Resources */,
				A854976329FE377E00E16766 /* Assets.xcassets in Resources */,
				A8C99FE229FE38C60034B799 /* GoogleService-Info.plist in Resources */,
			);
			runOnlyForDeploymentPostprocessing = 0;
		};
/* End PBXResourcesBuildPhase section */

/* Begin PBXSourcesBuildPhase section */
		A854975729FE377D00E16766 /* Sources */ = {
			isa = PBXSourcesBuildPhase;
			buildActionMask = 2147483647;
			files = (
				A825335529FEAEC5001778AF /* LoginView.swift in Sources */,
				A8CC3BDB29FF39B7001BAB6B /* AddNewGroupView.swift in Sources */,
				A8CC3BD529FEB149001BAB6B /* MainView.swift in Sources */,
				A825335329FEAD49001778AF /* Model.swift in Sources */,
				A8CC3BD729FEB361001BAB6B /* AppState.swift in Sources */,
				A825335029FEA72B001778AF /* String+Extensions.swift in Sources */,
				A854976129FE377D00E16766 /* ContentView.swift in Sources */,
				A825334D29FEA684001778AF /* SignUpView.swift in Sources */,
				A8CC3BD929FF3832001BAB6B /* GroupListcontainerView.swift in Sources */,
				A854975F29FE377D00E16766 /* WhatsUpApp.swift in Sources */,
			);
			runOnlyForDeploymentPostprocessing = 0;
		};
/* End PBXSourcesBuildPhase section */

/* Begin XCBuildConfiguration section */
		A854976729FE377E00E16766 /* Debug */ = {
			isa = XCBuildConfiguration;
			buildSettings = {
				ALWAYS_SEARCH_USER_PATHS = NO;
				CLANG_ANALYZER_NONNULL = YES;
				CLANG_ANALYZER_NUMBER_OBJECT_CONVERSION = YES_AGGRESSIVE;
				CLANG_CXX_LANGUAGE_STANDARD = "gnu++20";
				CLANG_ENABLE_MODULES = YES;
				CLANG_ENABLE_OBJC_ARC = YES;
				CLANG_ENABLE_OBJC_WEAK = YES;
				CLANG_WARN_BLOCK_CAPTURE_AUTORELEASING = YES;
				CLANG_WARN_BOOL_CONVERSION = YES;
				CLANG_WARN_COMMA = YES;
				CLANG_WARN_CONSTANT_CONVERSION = YES;
				CLANG_WARN_DEPRECATED_OBJC_IMPLEMENTATIONS = YES;
				CLANG_WARN_DIRECT_OBJC_ISA_USAGE = YES_ERROR;
				CLANG_WARN_DOCUMENTATION_COMMENTS = YES;
				CLANG_WARN_EMPTY_BODY = YES;
				CLANG_WARN_ENUM_CONVERSION = YES;
				CLANG_WARN_INFINITE_RECURSION = YES;
				CLANG_WARN_INT_CONVERSION = YES;
				CLANG_WARN_NON_LITERAL_NULL_CONVERSION = YES;
				CLANG_WARN_OBJC_IMPLICIT_RETAIN_SELF = YES;
				CLANG_WARN_OBJC_LITERAL_CONVERSION = YES;
				CLANG_WARN_OBJC_ROOT_CLASS = YES_ERROR;
				CLANG_WARN_QUOTED_INCLUDE_IN_FRAMEWORK_HEADER = YES;
				CLANG_WARN_RANGE_LOOP_ANALYSIS = YES;
				CLANG_WARN_STRICT_PROTOTYPES = YES;
				CLANG_WARN_SUSPICIOUS_MOVE = YES;
				CLANG_WARN_UNGUARDED_AVAILABILITY = YES_AGGRESSIVE;
				CLANG_WARN_UNREACHABLE_CODE = YES;
				CLANG_WARN__DUPLICATE_METHOD_MATCH = YES;
				COPY_PHASE_STRIP = NO;
				DEBUG_INFORMATION_FORMAT = dwarf;
				ENABLE_STRICT_OBJC_MSGSEND = YES;
				ENABLE_TESTABILITY = YES;
				GCC_C_LANGUAGE_STANDARD = gnu11;
				GCC_DYNAMIC_NO_PIC = NO;
				GCC_NO_COMMON_BLOCKS = YES;
				GCC_OPTIMIZATION_LEVEL = 0;
				GCC_PREPROCESSOR_DEFINITIONS = (
					"DEBUG=1",
					"$(inherited)",
				);
				GCC_WARN_64_TO_32_BIT_CONVERSION = YES;
				GCC_WARN_ABOUT_RETURN_TYPE = YES_ERROR;
				GCC_WARN_UNDECLARED_SELECTOR = YES;
				GCC_WARN_UNINITIALIZED_AUTOS = YES_AGGRESSIVE;
				GCC_WARN_UNUSED_FUNCTION = YES;
				GCC_WARN_UNUSED_VARIABLE = YES;
				IPHONEOS_DEPLOYMENT_TARGET = 16.4;
				MTL_ENABLE_DEBUG_INFO = INCLUDE_SOURCE;
				MTL_FAST_MATH = YES;
				ONLY_ACTIVE_ARCH = YES;
				SDKROOT = iphoneos;
				SWIFT_ACTIVE_COMPILATION_CONDITIONS = DEBUG;
				SWIFT_OPTIMIZATION_LEVEL = "-Onone";
			};
			name = Debug;
		};
		A854976829FE377E00E16766 /* Release */ = {
			isa = XCBuildConfiguration;
			buildSettings = {
				ALWAYS_SEARCH_USER_PATHS = NO;
				CLANG_ANALYZER_NONNULL = YES;
				CLANG_ANALYZER_NUMBER_OBJECT_CONVERSION = YES_AGGRESSIVE;
				CLANG_CXX_LANGUAGE_STANDARD = "gnu++20";
				CLANG_ENABLE_MODULES = YES;
				CLANG_ENABLE_OBJC_ARC = YES;
				CLANG_ENABLE_OBJC_WEAK = YES;
				CLANG_WARN_BLOCK_CAPTURE_AUTORELEASING = YES;
				CLANG_WARN_BOOL_CONVERSION = YES;
				CLANG_WARN_COMMA = YES;
				CLANG_WARN_CONSTANT_CONVERSION = YES;
				CLANG_WARN_DEPRECATED_OBJC_IMPLEMENTATIONS = YES;
				CLANG_WARN_DIRECT_OBJC_ISA_USAGE = YES_ERROR;
				CLANG_WARN_DOCUMENTATION_COMMENTS = YES;
				CLANG_WARN_EMPTY_BODY = YES;
				CLANG_WARN_ENUM_CONVERSION = YES;
				CLANG_WARN_INFINITE_RECURSION = YES;
				CLANG_WARN_INT_CONVERSION = YES;
				CLANG_WARN_NON_LITERAL_NULL_CONVERSION = YES;
				CLANG_WARN_OBJC_IMPLICIT_RETAIN_SELF = YES;
				CLANG_WARN_OBJC_LITERAL_CONVERSION = YES;
				CLANG_WARN_OBJC_ROOT_CLASS = YES_ERROR;
				CLANG_WARN_QUOTED_INCLUDE_IN_FRAMEWORK_HEADER = YES;
				CLANG_WARN_RANGE_LOOP_ANALYSIS = YES;
				CLANG_WARN_STRICT_PROTOTYPES = YES;
				CLANG_WARN_SUSPICIOUS_MOVE = YES;
				CLANG_WARN_UNGUARDED_AVAILABILITY = YES_AGGRESSIVE;
				CLANG_WARN_UNREACHABLE_CODE = YES;
				CLANG_WARN__DUPLICATE_METHOD_MATCH = YES;
				COPY_PHASE_STRIP = NO;
				DEBUG_INFORMATION_FORMAT = "dwarf-with-dsym";
				ENABLE_NS_ASSERTIONS = NO;
				ENABLE_STRICT_OBJC_MSGSEND = YES;
				GCC_C_LANGUAGE_STANDARD = gnu11;
				GCC_NO_COMMON_BLOCKS = YES;
				GCC_WARN_64_TO_32_BIT_CONVERSION = YES;
				GCC_WARN_ABOUT_RETURN_TYPE = YES_ERROR;
				GCC_WARN_UNDECLARED_SELECTOR = YES;
				GCC_WARN_UNINITIALIZED_AUTOS = YES_AGGRESSIVE;
				GCC_WARN_UNUSED_FUNCTION = YES;
				GCC_WARN_UNUSED_VARIABLE = YES;
				IPHONEOS_DEPLOYMENT_TARGET = 16.4;
				MTL_ENABLE_DEBUG_INFO = NO;
				MTL_FAST_MATH = YES;
				SDKROOT = iphoneos;
				SWIFT_COMPILATION_MODE = wholemodule;
				SWIFT_OPTIMIZATION_LEVEL = "-O";
				VALIDATE_PRODUCT = YES;
			};
			name = Release;
		};
		A854976A29FE377E00E16766 /* Debug */ = {
			isa = XCBuildConfiguration;
			buildSettings = {
				ASSETCATALOG_COMPILER_APPICON_NAME = AppIcon;
				ASSETCATALOG_COMPILER_GLOBAL_ACCENT_COLOR_NAME = AccentColor;
				CODE_SIGN_STYLE = Automatic;
				CURRENT_PROJECT_VERSION = 1;
				DEVELOPMENT_ASSET_PATHS = "\"WhatsUp/Preview Content\"";
				DEVELOPMENT_TEAM = XGHDQG66U5;
				ENABLE_PREVIEWS = YES;
				GENERATE_INFOPLIST_FILE = YES;
				INFOPLIST_KEY_UIApplicationSceneManifest_Generation = YES;
				INFOPLIST_KEY_UIApplicationSupportsIndirectInputEvents = YES;
				INFOPLIST_KEY_UILaunchScreen_Generation = YES;
				INFOPLIST_KEY_UISupportedInterfaceOrientations_iPad = "UIInterfaceOrientationPortrait UIInterfaceOrientationPortraitUpsideDown UIInterfaceOrientationLandscapeLeft UIInterfaceOrientationLandscapeRight";
				INFOPLIST_KEY_UISupportedInterfaceOrientations_iPhone = "UIInterfaceOrientationPortrait UIInterfaceOrientationLandscapeLeft UIInterfaceOrientationLandscapeRight";
				LD_RUNPATH_SEARCH_PATHS = (
					"$(inherited)",
					"@executable_path/Frameworks",
				);
				MARKETING_VERSION = 1.0;
				PRODUCT_BUNDLE_IDENTIFIER = com.jypjoy.WhatsUp;
				PRODUCT_NAME = "$(TARGET_NAME)";
				SWIFT_EMIT_LOC_STRINGS = YES;
				SWIFT_VERSION = 5.0;
				TARGETED_DEVICE_FAMILY = "1,2";
			};
			name = Debug;
		};
		A854976B29FE377E00E16766 /* Release */ = {
			isa = XCBuildConfiguration;
			buildSettings = {
				ASSETCATALOG_COMPILER_APPICON_NAME = AppIcon;
				ASSETCATALOG_COMPILER_GLOBAL_ACCENT_COLOR_NAME = AccentColor;
				CODE_SIGN_STYLE = Automatic;
				CURRENT_PROJECT_VERSION = 1;
				DEVELOPMENT_ASSET_PATHS = "\"WhatsUp/Preview Content\"";
				DEVELOPMENT_TEAM = XGHDQG66U5;
				ENABLE_PREVIEWS = YES;
				GENERATE_INFOPLIST_FILE = YES;
				INFOPLIST_KEY_UIApplicationSceneManifest_Generation = YES;
				INFOPLIST_KEY_UIApplicationSupportsIndirectInputEvents = YES;
				INFOPLIST_KEY_UILaunchScreen_Generation = YES;
				INFOPLIST_KEY_UISupportedInterfaceOrientations_iPad = "UIInterfaceOrientationPortrait UIInterfaceOrientationPortraitUpsideDown UIInterfaceOrientationLandscapeLeft UIInterfaceOrientationLandscapeRight";
				INFOPLIST_KEY_UISupportedInterfaceOrientations_iPhone = "UIInterfaceOrientationPortrait UIInterfaceOrientationLandscapeLeft UIInterfaceOrientationLandscapeRight";
				LD_RUNPATH_SEARCH_PATHS = (
					"$(inherited)",
					"@executable_path/Frameworks",
				);
				MARKETING_VERSION = 1.0;
				PRODUCT_BUNDLE_IDENTIFIER = com.jypjoy.WhatsUp;
				PRODUCT_NAME = "$(TARGET_NAME)";
				SWIFT_EMIT_LOC_STRINGS = YES;
				SWIFT_VERSION = 5.0;
				TARGETED_DEVICE_FAMILY = "1,2";
			};
			name = Release;
		};
/* End XCBuildConfiguration section */

/* Begin XCConfigurationList section */
		A854975629FE377D00E16766 /* Build configuration list for PBXProject "WhatsUp" */ = {
			isa = XCConfigurationList;
			buildConfigurations = (
				A854976729FE377E00E16766 /* Debug */,
				A854976829FE377E00E16766 /* Release */,
			);
			defaultConfigurationIsVisible = 0;
			defaultConfigurationName = Release;
		};
		A854976929FE377E00E16766 /* Build configuration list for PBXNativeTarget "WhatsUp" */ = {
			isa = XCConfigurationList;
			buildConfigurations = (
				A854976A29FE377E00E16766 /* Debug */,
				A854976B29FE377E00E16766 /* Release */,
			);
			defaultConfigurationIsVisible = 0;
			defaultConfigurationName = Release;
		};
/* End XCConfigurationList section */

/* Begin XCRemoteSwiftPackageReference section */
		A8C99FE329FE39A30034B799 /* XCRemoteSwiftPackageReference "firebase-ios-sdk" */ = {
			isa = XCRemoteSwiftPackageReference;
			repositoryURL = "https://github.com/firebase/firebase-ios-sdk";
			requirement = {
				branch = master;
				kind = branch;
			};
		};
/* End XCRemoteSwiftPackageReference section */

/* Begin XCSwiftPackageProductDependency section */
		A8C99FE429FE39A30034B799 /* FirebaseAuth */ = {
			isa = XCSwiftPackageProductDependency;
			package = A8C99FE329FE39A30034B799 /* XCRemoteSwiftPackageReference "firebase-ios-sdk" */;
			productName = FirebaseAuth;
		};
		A8C99FE629FE39A30034B799 /* FirebaseCrashlytics */ = {
			isa = XCSwiftPackageProductDependency;
			package = A8C99FE329FE39A30034B799 /* XCRemoteSwiftPackageReference "firebase-ios-sdk" */;
			productName = FirebaseCrashlytics;
		};
		A8C99FE829FE39A30034B799 /* FirebaseFirestore */ = {
			isa = XCSwiftPackageProductDependency;
			package = A8C99FE329FE39A30034B799 /* XCRemoteSwiftPackageReference "firebase-ios-sdk" */;
			productName = FirebaseFirestore;
		};
		A8C99FEA29FE39A30034B799 /* FirebaseFirestoreSwift */ = {
			isa = XCSwiftPackageProductDependency;
			package = A8C99FE329FE39A30034B799 /* XCRemoteSwiftPackageReference "firebase-ios-sdk" */;
			productName = FirebaseFirestoreSwift;
		};
		A8C99FEC29FE39A30034B799 /* FirebaseStorage */ = {
			isa = XCSwiftPackageProductDependency;
			package = A8C99FE329FE39A30034B799 /* XCRemoteSwiftPackageReference "firebase-ios-sdk" */;
			productName = FirebaseStorage;
		};
/* End XCSwiftPackageProductDependency section */
	};
	rootObject = A854975329FE377D00E16766 /* Project object */;
}
